// !$*UTF8*$!
{
	archiveVersion = 1;
	classes = {
	};
	objectVersion = 56;
	objects = {

/* Begin PBXBuildFile section */
		090C7B442B145A8C00749FC4 /* landmarkData.json in Resources */ = {isa = PBXBuildFile; fileRef = 090C7B432B145A8C00749FC4 /* landmarkData.json */; };
		090C7B462B145AAD00749FC4 /* Landmark.swift in Sources */ = {isa = PBXBuildFile; fileRef = 090C7B452B145AAD00749FC4 /* Landmark.swift */; };
		090C7B482B145D6600749FC4 /* ModelData.swift in Sources */ = {isa = PBXBuildFile; fileRef = 090C7B472B145D6600749FC4 /* ModelData.swift */; };
		090C7B4F2B14602700749FC4 /* LandmarkRow.swift in Sources */ = {isa = PBXBuildFile; fileRef = 090C7B4E2B14602700749FC4 /* LandmarkRow.swift */; };
		090C7B512B14635E00749FC4 /* LandmarkList.swift in Sources */ = {isa = PBXBuildFile; fileRef = 090C7B502B14635E00749FC4 /* LandmarkList.swift */; };
		090C7B532B14653F00749FC4 /* LandmarkDetail.swift in Sources */ = {isa = PBXBuildFile; fileRef = 090C7B522B14653F00749FC4 /* LandmarkDetail.swift */; };
		092853612B159F1100F20B83 /* CategoryHome.swift in Sources */ = {isa = PBXBuildFile; fileRef = 092853602B159F1100F20B83 /* CategoryHome.swift */; };
		092853632B15A21200F20B83 /* CategoryRow.swift in Sources */ = {isa = PBXBuildFile; fileRef = 092853622B15A21200F20B83 /* CategoryRow.swift */; };
		092853652B15A5CA00F20B83 /* CateforyItem.swift in Sources */ = {isa = PBXBuildFile; fileRef = 092853642B15A5CA00F20B83 /* CateforyItem.swift */; };
		092853672B15AB5300F20B83 /* Profile.swift in Sources */ = {isa = PBXBuildFile; fileRef = 092853662B15AB5300F20B83 /* Profile.swift */; };
		0928536A2B15AC5700F20B83 /* ProfileHost.swift in Sources */ = {isa = PBXBuildFile; fileRef = 092853692B15AC5700F20B83 /* ProfileHost.swift */; };
		0928536C2B15ACA500F20B83 /* ProfileSummary.swift in Sources */ = {isa = PBXBuildFile; fileRef = 0928536B2B15ACA500F20B83 /* ProfileSummary.swift */; };
		0928536E2B15AE4D00F20B83 /* HikeBadge.swift in Sources */ = {isa = PBXBuildFile; fileRef = 0928536D2B15AE4D00F20B83 /* HikeBadge.swift */; };
		092853702B15B3A500F20B83 /* ProfileEditor.swift in Sources */ = {isa = PBXBuildFile; fileRef = 0928536F2B15B3A500F20B83 /* ProfileEditor.swift */; };
		092853732B15BA9C00F20B83 /* PageViewController.swift in Sources */ = {isa = PBXBuildFile; fileRef = 092853722B15BA9C00F20B83 /* PageViewController.swift */; };
		092853752B15BD1800F20B83 /* FeatureCard.swift in Sources */ = {isa = PBXBuildFile; fileRef = 092853742B15BD1800F20B83 /* FeatureCard.swift */; };
		092853772B15BF0600F20B83 /* PageView.swift in Sources */ = {isa = PBXBuildFile; fileRef = 092853762B15BF0600F20B83 /* PageView.swift */; };
		092853792B15C5AE00F20B83 /* PageControl.swift in Sources */ = {isa = PBXBuildFile; fileRef = 092853782B15C5AE00F20B83 /* PageControl.swift */; };
		0974AE422B14769F00F1988D /* MapView.swift in Sources */ = {isa = PBXBuildFile; fileRef = 0974AE402B14769E00F1988D /* MapView.swift */; };
		0974AE432B14769F00F1988D /* CircleImage.swift in Sources */ = {isa = PBXBuildFile; fileRef = 0974AE412B14769F00F1988D /* CircleImage.swift */; };
		0974AE462B1476D700F1988D /* FavoriteButton.swift in Sources */ = {isa = PBXBuildFile; fileRef = 0974AE452B1476D700F1988D /* FavoriteButton.swift */; };
		0974AE482B147FCF00F1988D /* HexagonParameters.swift in Sources */ = {isa = PBXBuildFile; fileRef = 0974AE472B147FCF00F1988D /* HexagonParameters.swift */; };
		0974AE4A2B14828100F1988D /* BadgeBackground.swift in Sources */ = {isa = PBXBuildFile; fileRef = 0974AE492B14828100F1988D /* BadgeBackground.swift */; };
		0974AE4C2B148A5800F1988D /* BadgeSymbol.swift in Sources */ = {isa = PBXBuildFile; fileRef = 0974AE4B2B148A5800F1988D /* BadgeSymbol.swift */; };
		0974AE4E2B148DAB00F1988D /* RotatedBadgeSymbol.swift in Sources */ = {isa = PBXBuildFile; fileRef = 0974AE4D2B148DAB00F1988D /* RotatedBadgeSymbol.swift */; };
		0974AE502B148E5400F1988D /* Badge.swift in Sources */ = {isa = PBXBuildFile; fileRef = 0974AE4F2B148E5400F1988D /* Badge.swift */; };
		0974AE532B14918400F1988D /* hikeData.json in Resources */ = {isa = PBXBuildFile; fileRef = 0974AE522B14918400F1988D /* hikeData.json */; };
		0974AE552B1492C000F1988D /* Hike.swift in Sources */ = {isa = PBXBuildFile; fileRef = 0974AE542B1492C000F1988D /* Hike.swift */; };
		0974AE5B2B14947900F1988D /* GraphCapsule.swift in Sources */ = {isa = PBXBuildFile; fileRef = 0974AE572B14947800F1988D /* GraphCapsule.swift */; };
		0974AE5C2B14947900F1988D /* HikeGraph.swift in Sources */ = {isa = PBXBuildFile; fileRef = 0974AE582B14947800F1988D /* HikeGraph.swift */; };
		0974AE5D2B14947900F1988D /* HikeDetail.swift in Sources */ = {isa = PBXBuildFile; fileRef = 0974AE592B14947800F1988D /* HikeDetail.swift */; };
		0974AE5E2B14947900F1988D /* HikeView.swift in Sources */ = {isa = PBXBuildFile; fileRef = 0974AE5A2B14947800F1988D /* HikeView.swift */; };
		0974AE612B1494DE00F1988D /* LICENSE.txt in Resources */ = {isa = PBXBuildFile; fileRef = 0974AE602B1494DE00F1988D /* LICENSE.txt */; };
		09E299E82B144AC700390B82 /* SwiftUITutorialApp.swift in Sources */ = {isa = PBXBuildFile; fileRef = 09E299E72B144AC700390B82 /* SwiftUITutorialApp.swift */; };
		09E299EA2B144AC700390B82 /* ContentView.swift in Sources */ = {isa = PBXBuildFile; fileRef = 09E299E92B144AC700390B82 /* ContentView.swift */; };
		09E299EC2B144AE100390B82 /* Assets.xcassets in Resources */ = {isa = PBXBuildFile; fileRef = 09E299EB2B144AE100390B82 /* Assets.xcassets */; };
		09E299EF2B144AE100390B82 /* Preview Assets.xcassets in Resources */ = {isa = PBXBuildFile; fileRef = 09E299EE2B144AE100390B82 /* Preview Assets.xcassets */; };
/* End PBXBuildFile section */

/* Begin PBXFileReference section */
		090C7B432B145A8C00749FC4 /* landmarkData.json */ = {isa = PBXFileReference; fileEncoding = 4; lastKnownFileType = text.json; path = landmarkData.json; sourceTree = "<group>"; };
		090C7B452B145AAD00749FC4 /* Landmark.swift */ = {isa = PBXFileReference; lastKnownFileType = sourcecode.swift; path = Landmark.swift; sourceTree = "<group>"; };
		090C7B472B145D6600749FC4 /* ModelData.swift */ = {isa = PBXFileReference; lastKnownFileType = sourcecode.swift; path = ModelData.swift; sourceTree = "<group>"; };
		090C7B4E2B14602700749FC4 /* LandmarkRow.swift */ = {isa = PBXFileReference; lastKnownFileType = sourcecode.swift; path = LandmarkRow.swift; sourceTree = "<group>"; };
		090C7B502B14635E00749FC4 /* LandmarkList.swift */ = {isa = PBXFileReference; lastKnownFileType = sourcecode.swift; path = LandmarkList.swift; sourceTree = "<group>"; };
		090C7B522B14653F00749FC4 /* LandmarkDetail.swift */ = {isa = PBXFileReference; lastKnownFileType = sourcecode.swift; path = LandmarkDetail.swift; sourceTree = "<group>"; };
		092853602B159F1100F20B83 /* CategoryHome.swift */ = {isa = PBXFileReference; lastKnownFileType = sourcecode.swift; path = CategoryHome.swift; sourceTree = "<group>"; };
		092853622B15A21200F20B83 /* CategoryRow.swift */ = {isa = PBXFileReference; lastKnownFileType = sourcecode.swift; path = CategoryRow.swift; sourceTree = "<group>"; };
		092853642B15A5CA00F20B83 /* CateforyItem.swift */ = {isa = PBXFileReference; lastKnownFileType = sourcecode.swift; path = CateforyItem.swift; sourceTree = "<group>"; };
		092853662B15AB5300F20B83 /* Profile.swift */ = {isa = PBXFileReference; lastKnownFileType = sourcecode.swift; path = Profile.swift; sourceTree = "<group>"; };
		092853692B15AC5700F20B83 /* ProfileHost.swift */ = {isa = PBXFileReference; lastKnownFileType = sourcecode.swift; path = ProfileHost.swift; sourceTree = "<group>"; };
		0928536B2B15ACA500F20B83 /* ProfileSummary.swift */ = {isa = PBXFileReference; lastKnownFileType = sourcecode.swift; path = ProfileSummary.swift; sourceTree = "<group>"; };
		0928536D2B15AE4D00F20B83 /* HikeBadge.swift */ = {isa = PBXFileReference; lastKnownFileType = sourcecode.swift; path = HikeBadge.swift; sourceTree = "<group>"; };
		0928536F2B15B3A500F20B83 /* ProfileEditor.swift */ = {isa = PBXFileReference; lastKnownFileType = sourcecode.swift; path = ProfileEditor.swift; sourceTree = "<group>"; };
		092853722B15BA9C00F20B83 /* PageViewController.swift */ = {isa = PBXFileReference; lastKnownFileType = sourcecode.swift; path = PageViewController.swift; sourceTree = "<group>"; };
		092853742B15BD1800F20B83 /* FeatureCard.swift */ = {isa = PBXFileReference; lastKnownFileType = sourcecode.swift; path = FeatureCard.swift; sourceTree = "<group>"; };
		092853762B15BF0600F20B83 /* PageView.swift */ = {isa = PBXFileReference; lastKnownFileType = sourcecode.swift; path = PageView.swift; sourceTree = "<group>"; };
		092853782B15C5AE00F20B83 /* PageControl.swift */ = {isa = PBXFileReference; lastKnownFileType = sourcecode.swift; path = PageControl.swift; sourceTree = "<group>"; };
		0974AE402B14769E00F1988D /* MapView.swift */ = {isa = PBXFileReference; fileEncoding = 4; lastKnownFileType = sourcecode.swift; path = MapView.swift; sourceTree = "<group>"; };
		0974AE412B14769F00F1988D /* CircleImage.swift */ = {isa = PBXFileReference; fileEncoding = 4; lastKnownFileType = sourcecode.swift; path = CircleImage.swift; sourceTree = "<group>"; };
		0974AE452B1476D700F1988D /* FavoriteButton.swift */ = {isa = PBXFileReference; lastKnownFileType = sourcecode.swift; path = FavoriteButton.swift; sourceTree = "<group>"; };
		0974AE472B147FCF00F1988D /* HexagonParameters.swift */ = {isa = PBXFileReference; lastKnownFileType = sourcecode.swift; path = HexagonParameters.swift; sourceTree = "<group>"; };
		0974AE492B14828100F1988D /* BadgeBackground.swift */ = {isa = PBXFileReference; lastKnownFileType = sourcecode.swift; path = BadgeBackground.swift; sourceTree = "<group>"; };
		0974AE4B2B148A5800F1988D /* BadgeSymbol.swift */ = {isa = PBXFileReference; lastKnownFileType = sourcecode.swift; path = BadgeSymbol.swift; sourceTree = "<group>"; };
		0974AE4D2B148DAB00F1988D /* RotatedBadgeSymbol.swift */ = {isa = PBXFileReference; lastKnownFileType = sourcecode.swift; path = RotatedBadgeSymbol.swift; sourceTree = "<group>"; };
		0974AE4F2B148E5400F1988D /* Badge.swift */ = {isa = PBXFileReference; lastKnownFileType = sourcecode.swift; path = Badge.swift; sourceTree = "<group>"; };
		0974AE522B14918400F1988D /* hikeData.json */ = {isa = PBXFileReference; fileEncoding = 4; lastKnownFileType = text.json; path = hikeData.json; sourceTree = "<group>"; };
		0974AE542B1492C000F1988D /* Hike.swift */ = {isa = PBXFileReference; lastKnownFileType = sourcecode.swift; path = Hike.swift; sourceTree = "<group>"; };
		0974AE572B14947800F1988D /* GraphCapsule.swift */ = {isa = PBXFileReference; fileEncoding = 4; lastKnownFileType = sourcecode.swift; path = GraphCapsule.swift; sourceTree = "<group>"; };
		0974AE582B14947800F1988D /* HikeGraph.swift */ = {isa = PBXFileReference; fileEncoding = 4; lastKnownFileType = sourcecode.swift; path = HikeGraph.swift; sourceTree = "<group>"; };
		0974AE592B14947800F1988D /* HikeDetail.swift */ = {isa = PBXFileReference; fileEncoding = 4; lastKnownFileType = sourcecode.swift; path = HikeDetail.swift; sourceTree = "<group>"; };
		0974AE5A2B14947800F1988D /* HikeView.swift */ = {isa = PBXFileReference; fileEncoding = 4; lastKnownFileType = sourcecode.swift; path = HikeView.swift; sourceTree = "<group>"; };
		0974AE602B1494DE00F1988D /* LICENSE.txt */ = {isa = PBXFileReference; fileEncoding = 4; lastKnownFileType = text; path = LICENSE.txt; sourceTree = "<group>"; };
		09E299E42B144AC700390B82 /* SwiftUITutorial.app */ = {isa = PBXFileReference; explicitFileType = wrapper.application; includeInIndex = 0; path = SwiftUITutorial.app; sourceTree = BUILT_PRODUCTS_DIR; };
		09E299E72B144AC700390B82 /* SwiftUITutorialApp.swift */ = {isa = PBXFileReference; lastKnownFileType = sourcecode.swift; path = SwiftUITutorialApp.swift; sourceTree = "<group>"; };
		09E299E92B144AC700390B82 /* ContentView.swift */ = {isa = PBXFileReference; lastKnownFileType = sourcecode.swift; path = ContentView.swift; sourceTree = "<group>"; };
		09E299EB2B144AE100390B82 /* Assets.xcassets */ = {isa = PBXFileReference; lastKnownFileType = folder.assetcatalog; path = Assets.xcassets; sourceTree = "<group>"; };
		09E299EE2B144AE100390B82 /* Preview Assets.xcassets */ = {isa = PBXFileReference; lastKnownFileType = folder.assetcatalog; path = "Preview Assets.xcassets"; sourceTree = "<group>"; };
/* End PBXFileReference section */

/* Begin PBXFrameworksBuildPhase section */
		09E299E12B144AC700390B82 /* Frameworks */ = {
			isa = PBXFrameworksBuildPhase;
			buildActionMask = 2147483647;
			files = (
			);
			runOnlyForDeploymentPostprocessing = 0;
		};
/* End PBXFrameworksBuildPhase section */

/* Begin PBXGroup section */
		090C7B492B145F3600749FC4 /* Views */ = {
			isa = PBXGroup;
			children = (
				09E299E92B144AC700390B82 /* ContentView.swift */,
				090C7B562B14750000749FC4 /* Landmarks */,
				0974AE442B1476A800F1988D /* Helper */,
				0974AE512B148E5D00F1988D /* Badges */,
				0974AE562B14947800F1988D /* Hikes */,
				0928535F2B159ECA00F20B83 /* Categories */,
				092853682B15AC3700F20B83 /* Profiles */,
				092853712B15BA7B00F20B83 /* Features */,
			);
			path = Views;
			sourceTree = "<group>";
		};
		090C7B4A2B145F4900749FC4 /* Model */ = {
			isa = PBXGroup;
			children = (
				090C7B472B145D6600749FC4 /* ModelData.swift */,
				090C7B452B145AAD00749FC4 /* Landmark.swift */,
				0974AE542B1492C000F1988D /* Hike.swift */,
				092853662B15AB5300F20B83 /* Profile.swift */,
			);
			path = Model;
			sourceTree = "<group>";
		};
		090C7B4B2B145F5500749FC4 /* Resources */ = {
			isa = PBXGroup;
			children = (
				0974AE522B14918400F1988D /* hikeData.json */,
				090C7B432B145A8C00749FC4 /* landmarkData.json */,
			);
			path = Resources;
			sourceTree = "<group>";
		};
		090C7B562B14750000749FC4 /* Landmarks */ = {
			isa = PBXGroup;
			children = (
				090C7B502B14635E00749FC4 /* LandmarkList.swift */,
				090C7B4E2B14602700749FC4 /* LandmarkRow.swift */,
				090C7B522B14653F00749FC4 /* LandmarkDetail.swift */,
			);
			path = Landmarks;
			sourceTree = "<group>";
		};
		0928535F2B159ECA00F20B83 /* Categories */ = {
			isa = PBXGroup;
			children = (
				092853602B159F1100F20B83 /* CategoryHome.swift */,
				092853622B15A21200F20B83 /* CategoryRow.swift */,
				092853642B15A5CA00F20B83 /* CateforyItem.swift */,
			);
			path = Categories;
			sourceTree = "<group>";
		};
		092853682B15AC3700F20B83 /* Profiles */ = {
			isa = PBXGroup;
			children = (
				092853692B15AC5700F20B83 /* ProfileHost.swift */,
				0928536B2B15ACA500F20B83 /* ProfileSummary.swift */,
				0928536F2B15B3A500F20B83 /* ProfileEditor.swift */,
			);
			path = Profiles;
			sourceTree = "<group>";
		};
		092853712B15BA7B00F20B83 /* Features */ = {
			isa = PBXGroup;
			children = (
				092853722B15BA9C00F20B83 /* PageViewController.swift */,
				092853742B15BD1800F20B83 /* FeatureCard.swift */,
				092853762B15BF0600F20B83 /* PageView.swift */,
				092853782B15C5AE00F20B83 /* PageControl.swift */,
			);
			path = Features;
			sourceTree = "<group>";
		};
		0974AE442B1476A800F1988D /* Helper */ = {
			isa = PBXGroup;
			children = (
				0974AE412B14769F00F1988D /* CircleImage.swift */,
				0974AE402B14769E00F1988D /* MapView.swift */,
				0974AE452B1476D700F1988D /* FavoriteButton.swift */,
			);
			path = Helper;
			sourceTree = "<group>";
		};
		0974AE512B148E5D00F1988D /* Badges */ = {
			isa = PBXGroup;
			children = (
				0974AE472B147FCF00F1988D /* HexagonParameters.swift */,
				0974AE492B14828100F1988D /* BadgeBackground.swift */,
				0974AE4B2B148A5800F1988D /* BadgeSymbol.swift */,
				0974AE4D2B148DAB00F1988D /* RotatedBadgeSymbol.swift */,
				0974AE4F2B148E5400F1988D /* Badge.swift */,
			);
			path = Badges;
			sourceTree = "<group>";
		};
		0974AE562B14947800F1988D /* Hikes */ = {
			isa = PBXGroup;
			children = (
				0974AE5F2B1494DE00F1988D /* LICENSE */,
				0974AE572B14947800F1988D /* GraphCapsule.swift */,
				0974AE582B14947800F1988D /* HikeGraph.swift */,
				0974AE592B14947800F1988D /* HikeDetail.swift */,
				0974AE5A2B14947800F1988D /* HikeView.swift */,
				0928536D2B15AE4D00F20B83 /* HikeBadge.swift */,
			);
			path = Hikes;
			sourceTree = "<group>";
		};
		0974AE5F2B1494DE00F1988D /* LICENSE */ = {
			isa = PBXGroup;
			children = (
				0974AE602B1494DE00F1988D /* LICENSE.txt */,
			);
			path = LICENSE;
			sourceTree = "<group>";
		};
		09E299DB2B144AC600390B82 = {
			isa = PBXGroup;
			children = (
				09E299E62B144AC700390B82 /* SwiftUITutorial */,
				09E299E52B144AC700390B82 /* Products */,
			);
			sourceTree = "<group>";
		};
		09E299E52B144AC700390B82 /* Products */ = {
			isa = PBXGroup;
			children = (
				09E299E42B144AC700390B82 /* SwiftUITutorial.app */,
			);
			name = Products;
			sourceTree = "<group>";
		};
		09E299E62B144AC700390B82 /* SwiftUITutorial */ = {
			isa = PBXGroup;
			children = (
				09E299E72B144AC700390B82 /* SwiftUITutorialApp.swift */,
				090C7B492B145F3600749FC4 /* Views */,
				090C7B4A2B145F4900749FC4 /* Model */,
				090C7B4B2B145F5500749FC4 /* Resources */,
				09E299EB2B144AE100390B82 /* Assets.xcassets */,
				09E299ED2B144AE100390B82 /* Preview Content */,
			);
			path = SwiftUITutorial;
			sourceTree = "<group>";
		};
		09E299ED2B144AE100390B82 /* Preview Content */ = {
			isa = PBXGroup;
			children = (
				09E299EE2B144AE100390B82 /* Preview Assets.xcassets */,
			);
			path = "Preview Content";
			sourceTree = "<group>";
		};
/* End PBXGroup section */

/* Begin PBXNativeTarget section */
		09E299E32B144AC700390B82 /* SwiftUITutorial */ = {
			isa = PBXNativeTarget;
			buildConfigurationList = 09E299F22B144AE100390B82 /* Build configuration list for PBXNativeTarget "SwiftUITutorial" */;
			buildPhases = (
				09E299E02B144AC700390B82 /* Sources */,
				09E299E12B144AC700390B82 /* Frameworks */,
				09E299E22B144AC700390B82 /* Resources */,
			);
			buildRules = (
			);
			dependencies = (
			);
			name = SwiftUITutorial;
			productName = Lesson1;
			productReference = 09E299E42B144AC700390B82 /* SwiftUITutorial.app */;
			productType = "com.apple.product-type.application";
		};
/* End PBXNativeTarget section */

/* Begin PBXProject section */
		09E299DC2B144AC600390B82 /* Project object */ = {
			isa = PBXProject;
			attributes = {
				BuildIndependentTargetsInParallel = 1;
				LastSwiftUpdateCheck = 1500;
				LastUpgradeCheck = 1500;
				TargetAttributes = {
					09E299E32B144AC700390B82 = {
						CreatedOnToolsVersion = 15.0.1;
					};
				};
			};
			buildConfigurationList = 09E299DF2B144AC600390B82 /* Build configuration list for PBXProject "SwiftUITutorial" */;
			compatibilityVersion = "Xcode 14.0";
			developmentRegion = en;
			hasScannedForEncodings = 0;
			knownRegions = (
				en,
				Base,
			);
			mainGroup = 09E299DB2B144AC600390B82;
			productRefGroup = 09E299E52B144AC700390B82 /* Products */;
			projectDirPath = "";
			projectRoot = "";
			targets = (
				09E299E32B144AC700390B82 /* SwiftUITutorial */,
			);
		};
/* End PBXProject section */

/* Begin PBXResourcesBuildPhase section */
		09E299E22B144AC700390B82 /* Resources */ = {
			isa = PBXResourcesBuildPhase;
			buildActionMask = 2147483647;
			files = (
				0974AE532B14918400F1988D /* hikeData.json in Resources */,
				09E299EF2B144AE100390B82 /* Preview Assets.xcassets in Resources */,
				09E299EC2B144AE100390B82 /* Assets.xcassets in Resources */,
				0974AE612B1494DE00F1988D /* LICENSE.txt in Resources */,
				090C7B442B145A8C00749FC4 /* landmarkData.json in Resources */,
			);
			runOnlyForDeploymentPostprocessing = 0;
		};
/* End PBXResourcesBuildPhase section */

/* Begin PBXSourcesBuildPhase section */
		09E299E02B144AC700390B82 /* Sources */ = {
			isa = PBXSourcesBuildPhase;
			buildActionMask = 2147483647;
			files = (
				092853632B15A21200F20B83 /* CategoryRow.swift in Sources */,
				092853672B15AB5300F20B83 /* Profile.swift in Sources */,
				09E299EA2B144AC700390B82 /* ContentView.swift in Sources */,
				092853612B159F1100F20B83 /* CategoryHome.swift in Sources */,
				092853752B15BD1800F20B83 /* FeatureCard.swift in Sources */,
				0974AE5C2B14947900F1988D /* HikeGraph.swift in Sources */,
				0974AE502B148E5400F1988D /* Badge.swift in Sources */,
				0974AE422B14769F00F1988D /* MapView.swift in Sources */,
				092853652B15A5CA00F20B83 /* CateforyItem.swift in Sources */,
				0974AE5B2B14947900F1988D /* GraphCapsule.swift in Sources */,
				092853792B15C5AE00F20B83 /* PageControl.swift in Sources */,
				090C7B532B14653F00749FC4 /* LandmarkDetail.swift in Sources */,
				0974AE462B1476D700F1988D /* FavoriteButton.swift in Sources */,
				0974AE5D2B14947900F1988D /* HikeDetail.swift in Sources */,
				0928536C2B15ACA500F20B83 /* ProfileSummary.swift in Sources */,
				0974AE482B147FCF00F1988D /* HexagonParameters.swift in Sources */,
				0928536A2B15AC5700F20B83 /* ProfileHost.swift in Sources */,
				0974AE552B1492C000F1988D /* Hike.swift in Sources */,
				0974AE4E2B148DAB00F1988D /* RotatedBadgeSymbol.swift in Sources */,
				092853772B15BF0600F20B83 /* PageView.swift in Sources */,
				0974AE4C2B148A5800F1988D /* BadgeSymbol.swift in Sources */,
				092853702B15B3A500F20B83 /* ProfileEditor.swift in Sources */,
				09E299E82B144AC700390B82 /* SwiftUITutorialApp.swift in Sources */,
				0974AE5E2B14947900F1988D /* HikeView.swift in Sources */,
				090C7B512B14635E00749FC4 /* LandmarkList.swift in Sources */,
				092853732B15BA9C00F20B83 /* PageViewController.swift in Sources */,
				0974AE4A2B14828100F1988D /* BadgeBackground.swift in Sources */,
				0928536E2B15AE4D00F20B83 /* HikeBadge.swift in Sources */,
				0974AE432B14769F00F1988D /* CircleImage.swift in Sources */,
				090C7B4F2B14602700749FC4 /* LandmarkRow.swift in Sources */,
				090C7B462B145AAD00749FC4 /* Landmark.swift in Sources */,
				090C7B482B145D6600749FC4 /* ModelData.swift in Sources */,
			);
			runOnlyForDeploymentPostprocessing = 0;
		};
/* End PBXSourcesBuildPhase section */

/* Begin XCBuildConfiguration section */
		09E299F02B144AE100390B82 /* Debug */ = {
			isa = XCBuildConfiguration;
			buildSettings = {
				ALWAYS_SEARCH_USER_PATHS = NO;
				ASSETCATALOG_COMPILER_GENERATE_SWIFT_ASSET_SYMBOL_EXTENSIONS = YES;
				CLANG_ANALYZER_NONNULL = YES;
				CLANG_ANALYZER_NUMBER_OBJECT_CONVERSION = YES_AGGRESSIVE;
				CLANG_CXX_LANGUAGE_STANDARD = "gnu++20";
				CLANG_ENABLE_MODULES = YES;
				CLANG_ENABLE_OBJC_ARC = YES;
				CLANG_ENABLE_OBJC_WEAK = YES;
				CLANG_WARN_BLOCK_CAPTURE_AUTORELEASING = YES;
				CLANG_WARN_BOOL_CONVERSION = YES;
				CLANG_WARN_COMMA = YES;
				CLANG_WARN_CONSTANT_CONVERSION = YES;
				CLANG_WARN_DEPRECATED_OBJC_IMPLEMENTATIONS = YES;
				CLANG_WARN_DIRECT_OBJC_ISA_USAGE = YES_ERROR;
				CLANG_WARN_DOCUMENTATION_COMMENTS = YES;
				CLANG_WARN_EMPTY_BODY = YES;
				CLANG_WARN_ENUM_CONVERSION = YES;
				CLANG_WARN_INFINITE_RECURSION = YES;
				CLANG_WARN_INT_CONVERSION = YES;
				CLANG_WARN_NON_LITERAL_NULL_CONVERSION = YES;
				CLANG_WARN_OBJC_IMPLICIT_RETAIN_SELF = YES;
				CLANG_WARN_OBJC_LITERAL_CONVERSION = YES;
				CLANG_WARN_OBJC_ROOT_CLASS = YES_ERROR;
				CLANG_WARN_QUOTED_INCLUDE_IN_FRAMEWORK_HEADER = YES;
				CLANG_WARN_RANGE_LOOP_ANALYSIS = YES;
				CLANG_WARN_STRICT_PROTOTYPES = YES;
				CLANG_WARN_SUSPICIOUS_MOVE = YES;
				CLANG_WARN_UNGUARDED_AVAILABILITY = YES_AGGRESSIVE;
				CLANG_WARN_UNREACHABLE_CODE = YES;
				CLANG_WARN__DUPLICATE_METHOD_MATCH = YES;
				COPY_PHASE_STRIP = NO;
				DEBUG_INFORMATION_FORMAT = dwarf;
				ENABLE_STRICT_OBJC_MSGSEND = YES;
				ENABLE_TESTABILITY = YES;
				ENABLE_USER_SCRIPT_SANDBOXING = YES;
				GCC_C_LANGUAGE_STANDARD = gnu17;
				GCC_DYNAMIC_NO_PIC = NO;
				GCC_NO_COMMON_BLOCKS = YES;
				GCC_OPTIMIZATION_LEVEL = 0;
				GCC_PREPROCESSOR_DEFINITIONS = (
					"DEBUG=1",
					"$(inherited)",
				);
				GCC_WARN_64_TO_32_BIT_CONVERSION = YES;
				GCC_WARN_ABOUT_RETURN_TYPE = YES_ERROR;
				GCC_WARN_UNDECLARED_SELECTOR = YES;
				GCC_WARN_UNINITIALIZED_AUTOS = YES_AGGRESSIVE;
				GCC_WARN_UNUSED_FUNCTION = YES;
				GCC_WARN_UNUSED_VARIABLE = YES;
				IPHONEOS_DEPLOYMENT_TARGET = 17.0;
				LOCALIZATION_PREFERS_STRING_CATALOGS = YES;
				MTL_ENABLE_DEBUG_INFO = INCLUDE_SOURCE;
				MTL_FAST_MATH = YES;
				ONLY_ACTIVE_ARCH = YES;
				SDKROOT = iphoneos;
				SWIFT_ACTIVE_COMPILATION_CONDITIONS = "DEBUG $(inherited)";
				SWIFT_OPTIMIZATION_LEVEL = "-Onone";
			};
			name = Debug;
		};
		09E299F12B144AE100390B82 /* Release */ = {
			isa = XCBuildConfiguration;
			buildSettings = {
				ALWAYS_SEARCH_USER_PATHS = NO;
				ASSETCATALOG_COMPILER_GENERATE_SWIFT_ASSET_SYMBOL_EXTENSIONS = YES;
				CLANG_ANALYZER_NONNULL = YES;
				CLANG_ANALYZER_NUMBER_OBJECT_CONVERSION = YES_AGGRESSIVE;
				CLANG_CXX_LANGUAGE_STANDARD = "gnu++20";
				CLANG_ENABLE_MODULES = YES;
				CLANG_ENABLE_OBJC_ARC = YES;
				CLANG_ENABLE_OBJC_WEAK = YES;
				CLANG_WARN_BLOCK_CAPTURE_AUTORELEASING = YES;
				CLANG_WARN_BOOL_CONVERSION = YES;
				CLANG_WARN_COMMA = YES;
				CLANG_WARN_CONSTANT_CONVERSION = YES;
				CLANG_WARN_DEPRECATED_OBJC_IMPLEMENTATIONS = YES;
				CLANG_WARN_DIRECT_OBJC_ISA_USAGE = YES_ERROR;
				CLANG_WARN_DOCUMENTATION_COMMENTS = YES;
				CLANG_WARN_EMPTY_BODY = YES;
				CLANG_WARN_ENUM_CONVERSION = YES;
				CLANG_WARN_INFINITE_RECURSION = YES;
				CLANG_WARN_INT_CONVERSION = YES;
				CLANG_WARN_NON_LITERAL_NULL_CONVERSION = YES;
				CLANG_WARN_OBJC_IMPLICIT_RETAIN_SELF = YES;
				CLANG_WARN_OBJC_LITERAL_CONVERSION = YES;
				CLANG_WARN_OBJC_ROOT_CLASS = YES_ERROR;
				CLANG_WARN_QUOTED_INCLUDE_IN_FRAMEWORK_HEADER = YES;
				CLANG_WARN_RANGE_LOOP_ANALYSIS = YES;
				CLANG_WARN_STRICT_PROTOTYPES = YES;
				CLANG_WARN_SUSPICIOUS_MOVE = YES;
				CLANG_WARN_UNGUARDED_AVAILABILITY = YES_AGGRESSIVE;
				CLANG_WARN_UNREACHABLE_CODE = YES;
				CLANG_WARN__DUPLICATE_METHOD_MATCH = YES;
				COPY_PHASE_STRIP = NO;
				DEBUG_INFORMATION_FORMAT = "dwarf-with-dsym";
				ENABLE_NS_ASSERTIONS = NO;
				ENABLE_STRICT_OBJC_MSGSEND = YES;
				ENABLE_USER_SCRIPT_SANDBOXING = YES;
				GCC_C_LANGUAGE_STANDARD = gnu17;
				GCC_NO_COMMON_BLOCKS = YES;
				GCC_WARN_64_TO_32_BIT_CONVERSION = YES;
				GCC_WARN_ABOUT_RETURN_TYPE = YES_ERROR;
				GCC_WARN_UNDECLARED_SELECTOR = YES;
				GCC_WARN_UNINITIALIZED_AUTOS = YES_AGGRESSIVE;
				GCC_WARN_UNUSED_FUNCTION = YES;
				GCC_WARN_UNUSED_VARIABLE = YES;
				IPHONEOS_DEPLOYMENT_TARGET = 17.0;
				LOCALIZATION_PREFERS_STRING_CATALOGS = YES;
				MTL_ENABLE_DEBUG_INFO = NO;
				MTL_FAST_MATH = YES;
				SDKROOT = iphoneos;
				SWIFT_COMPILATION_MODE = wholemodule;
				VALIDATE_PRODUCT = YES;
			};
			name = Release;
		};
		09E299F32B144AE100390B82 /* Debug */ = {
			isa = XCBuildConfiguration;
			buildSettings = {
				ASSETCATALOG_COMPILER_APPICON_NAME = AppIcon;
				ASSETCATALOG_COMPILER_GLOBAL_ACCENT_COLOR_NAME = AccentColor;
				CODE_SIGN_STYLE = Automatic;
				CURRENT_PROJECT_VERSION = 1;
				DEVELOPMENT_ASSET_PATHS = "\"SwiftUITutorial/Preview Content\"";
				DEVELOPMENT_TEAM = 24YM7X4PZD;
				ENABLE_PREVIEWS = YES;
				GENERATE_INFOPLIST_FILE = YES;
				INFOPLIST_KEY_UIApplicationSceneManifest_Generation = YES;
				INFOPLIST_KEY_UIApplicationSupportsIndirectInputEvents = YES;
				INFOPLIST_KEY_UILaunchScreen_Generation = YES;
				INFOPLIST_KEY_UISupportedInterfaceOrientations_iPad = "UIInterfaceOrientationPortrait UIInterfaceOrientationPortraitUpsideDown UIInterfaceOrientationLandscapeLeft UIInterfaceOrientationLandscapeRight";
				INFOPLIST_KEY_UISupportedInterfaceOrientations_iPhone = "UIInterfaceOrientationPortrait UIInterfaceOrientationLandscapeLeft UIInterfaceOrientationLandscapeRight";
				LD_RUNPATH_SEARCH_PATHS = (
					"$(inherited)",
					"@executable_path/Frameworks",
				);
				MARKETING_VERSION = 1.0;
				PRODUCT_BUNDLE_IDENTIFIER = org.plaslab.gakuto131112.SwiftUITutorial;
				PRODUCT_NAME = "$(TARGET_NAME)";
				SUPPORTED_PLATFORMS = "iphoneos iphonesimulator";
				SUPPORTS_MACCATALYST = NO;
				SUPPORTS_MAC_DESIGNED_FOR_IPHONE_IPAD = NO;
				SWIFT_EMIT_LOC_STRINGS = YES;
				SWIFT_VERSION = 5.0;
				TARGETED_DEVICE_FAMILY = "1,2";
			};
			name = Debug;
		};
		09E299F42B144AE100390B82 /* Release */ = {
			isa = XCBuildConfiguration;
			buildSettings = {
				ASSETCATALOG_COMPILER_APPICON_NAME = AppIcon;
				ASSETCATALOG_COMPILER_GLOBAL_ACCENT_COLOR_NAME = AccentColor;
				CODE_SIGN_STYLE = Automatic;
				CURRENT_PROJECT_VERSION = 1;
				DEVELOPMENT_ASSET_PATHS = "\"SwiftUITutorial/Preview Content\"";
				DEVELOPMENT_TEAM = 24YM7X4PZD;
				ENABLE_PREVIEWS = YES;
				GENERATE_INFOPLIST_FILE = YES;
				INFOPLIST_KEY_UIApplicationSceneManifest_Generation = YES;
				INFOPLIST_KEY_UIApplicationSupportsIndirectInputEvents = YES;
				INFOPLIST_KEY_UILaunchScreen_Generation = YES;
				INFOPLIST_KEY_UISupportedInterfaceOrientations_iPad = "UIInterfaceOrientationPortrait UIInterfaceOrientationPortraitUpsideDown UIInterfaceOrientationLandscapeLeft UIInterfaceOrientationLandscapeRight";
				INFOPLIST_KEY_UISupportedInterfaceOrientations_iPhone = "UIInterfaceOrientationPortrait UIInterfaceOrientationLandscapeLeft UIInterfaceOrientationLandscapeRight";
				LD_RUNPATH_SEARCH_PATHS = (
					"$(inherited)",
					"@executable_path/Frameworks",
				);
				MARKETING_VERSION = 1.0;
				PRODUCT_BUNDLE_IDENTIFIER = org.plaslab.gakuto131112.SwiftUITutorial;
				PRODUCT_NAME = "$(TARGET_NAME)";
				SUPPORTED_PLATFORMS = "iphoneos iphonesimulator";
				SUPPORTS_MACCATALYST = NO;
				SUPPORTS_MAC_DESIGNED_FOR_IPHONE_IPAD = NO;
				SWIFT_EMIT_LOC_STRINGS = YES;
				SWIFT_VERSION = 5.0;
				TARGETED_DEVICE_FAMILY = "1,2";
			};
			name = Release;
		};
/* End XCBuildConfiguration section */

/* Begin XCConfigurationList section */
		09E299DF2B144AC600390B82 /* Build configuration list for PBXProject "SwiftUITutorial" */ = {
			isa = XCConfigurationList;
			buildConfigurations = (
				09E299F02B144AE100390B82 /* Debug */,
				09E299F12B144AE100390B82 /* Release */,
			);
			defaultConfigurationIsVisible = 0;
			defaultConfigurationName = Release;
		};
		09E299F22B144AE100390B82 /* Build configuration list for PBXNativeTarget "SwiftUITutorial" */ = {
			isa = XCConfigurationList;
			buildConfigurations = (
				09E299F32B144AE100390B82 /* Debug */,
				09E299F42B144AE100390B82 /* Release */,
			);
			defaultConfigurationIsVisible = 0;
			defaultConfigurationName = Release;
		};
/* End XCConfigurationList section */
	};
	rootObject = 09E299DC2B144AC600390B82 /* Project object */;
}
